
Microsoft Visual Studio Solution File, Format Version 12.00
# Visual Studio Version 17
VisualStudioVersion = 17.14.36429.23 d17.14
MinimumVisualStudioVersion = 10.0.40219.1
Project("{FAE04EC0-301F-11D3-BF4B-00C04F79EFBC}") = "CafeMenu", "CafeMenu\CafeMenu.csproj", "{B92108D4-2BC0-4179-9D38-3B0A0E67B69B}"
EndProject
Project("{FAE04EC0-301F-11D3-BF4B-00C04F79EFBC}") = "Domain", "Domain\Domain.csproj", "{754653FF-1EB9-4823-B83A-CFEA8F55F24C}"
EndProject
Project("{FAE04EC0-301F-11D3-BF4B-00C04F79EFBC}") = "DataAccess", "DataAccess\DataAccess.csproj", "{830AE30F-9510-4599-867A-44441CE01855}"
EndProject
Project("{FAE04EC0-301F-11D3-BF4B-00C04F79EFBC}") = "Business", "Business\Business.csproj", "{C784B926-442C-4D20-918C-A9DEB92A5E7E}"
EndProject
Global
	GlobalSection(SolutionConfigurationPlatforms) = preSolution
		Debug|Any CPU = Debug|Any CPU
		Release|Any CPU = Release|Any CPU
	EndGlobalSection
	GlobalSection(ProjectConfigurationPlatforms) = postSolution
		{B92108D4-2BC0-4179-9D38-3B0A0E67B69B}.Debug|Any CPU.ActiveCfg = Debug|Any CPU
		{B92108D4-2BC0-4179-9D38-3B0A0E67B69B}.Debug|Any CPU.Build.0 = Debug|Any CPU
		{B92108D4-2BC0-4179-9D38-3B0A0E67B69B}.Release|Any CPU.ActiveCfg = Release|Any CPU
		{B92108D4-2BC0-4179-9D38-3B0A0E67B69B}.Release|Any CPU.Build.0 = Release|Any CPU
		{754653FF-1EB9-4823-B83A-CFEA8F55F24C}.Debug|Any CPU.ActiveCfg = Debug|Any CPU
		{754653FF-1EB9-4823-B83A-CFEA8F55F24C}.Debug|Any CPU.Build.0 = Debug|Any CPU
		{754653FF-1EB9-4823-B83A-CFEA8F55F24C}.Release|Any CPU.ActiveCfg = Release|Any CPU
		{754653FF-1EB9-4823-B83A-CFEA8F55F24C}.Release|Any CPU.Build.0 = Release|Any CPU
		{830AE30F-9510-4599-867A-44441CE01855}.Debug|Any CPU.ActiveCfg = Debug|Any CPU
		{830AE30F-9510-4599-867A-44441CE01855}.Debug|Any CPU.Build.0 = Debug|Any CPU
		{830AE30F-9510-4599-867A-44441CE01855}.Release|Any CPU.ActiveCfg = Release|Any CPU
		{830AE30F-9510-4599-867A-44441CE01855}.Release|Any CPU.Build.0 = Release|Any CPU
		{C784B926-442C-4D20-918C-A9DEB92A5E7E}.Debug|Any CPU.ActiveCfg = Debug|Any CPU
		{C784B926-442C-4D20-918C-A9DEB92A5E7E}.Debug|Any CPU.Build.0 = Debug|Any CPU
		{C784B926-442C-4D20-918C-A9DEB92A5E7E}.Release|Any CPU.ActiveCfg = Release|Any CPU
		{C784B926-442C-4D20-918C-A9DEB92A5E7E}.Release|Any CPU.Build.0 = Release|Any CPU
	EndGlobalSection
	GlobalSection(SolutionProperties) = preSolution
		HideSolutionNode = FALSE
	EndGlobalSection
	GlobalSection(ExtensibilityGlobals) = postSolution
		SolutionGuid = {255A4D33-09B4-4757-9DD9-3ADE80C85935}
	EndGlobalSection
EndGlobal
